
Microsoft Visual Studio Solution File, Format Version 10.00
# Visual Studio 2008
Project("{FAE04EC0-301F-11D3-BF4B-00C04F79EFBC}") = "Commons", "Commons\Commons.csproj", "{96D226F4-9FAD-45D3-884C-83FC219EAFC7}"
EndProject
Project("{FAE04EC0-301F-11D3-BF4B-00C04F79EFBC}") = "Charts", "Charts\Charts.csproj", "{6540CAD9-B382-4751-9501-F3EB2CC9DB27}"
EndProject
Project("{FAE04EC0-301F-11D3-BF4B-00C04F79EFBC}") = "VisifireCharts", "VisifireCharts\VisifireCharts.csproj", "{76D89832-CC4E-4669-8B72-F6412CF11457}"
	ProjectSection(ProjectDependencies) = postProject
		{96D226F4-9FAD-45D3-884C-83FC219EAFC7} = {96D226F4-9FAD-45D3-884C-83FC219EAFC7}
	EndProjectSection
EndProject
Project("{E24C65DC-7377-472B-9ABA-BC803B73C61A}") = "VisifireCharts_Web", "VisifireCharts_Web", "{6D3992DB-A1D1-476F-B657-EA21CE665835}"
	ProjectSection(WebsiteProperties) = preProject
		TargetFramework = "3.5"
		Debug.AspNetCompiler.VirtualPath = "/VisifireCharts_Web"
		Debug.AspNetCompiler.PhysicalPath = "VisifireCharts_Web\"
		Debug.AspNetCompiler.TargetPath = "PrecompiledWeb\VisifireCharts_Web\"
		Debug.AspNetCompiler.Updateable = "true"
		Debug.AspNetCompiler.ForceOverwrite = "true"
		Debug.AspNetCompiler.FixedNames = "false"
		Debug.AspNetCompiler.Debug = "True"
		Release.AspNetCompiler.VirtualPath = "/VisifireCharts_Web"
		Release.AspNetCompiler.PhysicalPath = "VisifireCharts_Web\"
		Release.AspNetCompiler.TargetPath = "PrecompiledWeb\VisifireCharts_Web\"
		Release.AspNetCompiler.Updateable = "true"
		Release.AspNetCompiler.ForceOverwrite = "true"
		Release.AspNetCompiler.FixedNames = "false"
		Release.AspNetCompiler.Debug = "False"
		VWDPort = "61501"
		DefaultWebSiteLanguage = "Visual C#"
		ProjOutputReferences = "{76D89832-CC4E-4669-8B72-F6412CF11457}|;"
	EndProjectSection
	ProjectSection(ProjectDependencies) = postProject
		{6540CAD9-B382-4751-9501-F3EB2CC9DB27} = {6540CAD9-B382-4751-9501-F3EB2CC9DB27}
		{96D226F4-9FAD-45D3-884C-83FC219EAFC7} = {96D226F4-9FAD-45D3-884C-83FC219EAFC7}
	EndProjectSection
EndProject
Global
	GlobalSection(SolutionConfigurationPlatforms) = preSolution
		Debug|.NET = Debug|.NET
		Debug|Any CPU = Debug|Any CPU
		Debug|Mixed Platforms = Debug|Mixed Platforms
		Release|.NET = Release|.NET
		Release|Any CPU = Release|Any CPU
		Release|Mixed Platforms = Release|Mixed Platforms
	EndGlobalSection
	GlobalSection(ProjectConfigurationPlatforms) = postSolution
		{96D226F4-9FAD-45D3-884C-83FC219EAFC7}.Debug|.NET.ActiveCfg = Debug|Any CPU
		{96D226F4-9FAD-45D3-884C-83FC219EAFC7}.Debug|Any CPU.ActiveCfg = Debug|Any CPU
		{96D226F4-9FAD-45D3-884C-83FC219EAFC7}.Debug|Any CPU.Build.0 = Debug|Any CPU
		{96D226F4-9FAD-45D3-884C-83FC219EAFC7}.Debug|Mixed Platforms.ActiveCfg = Release|Any CPU
		{96D226F4-9FAD-45D3-884C-83FC219EAFC7}.Debug|Mixed Platforms.Build.0 = Release|Any CPU
		{96D226F4-9FAD-45D3-884C-83FC219EAFC7}.Release|.NET.ActiveCfg = Release|Any CPU
		{96D226F4-9FAD-45D3-884C-83FC219EAFC7}.Release|Any CPU.ActiveCfg = Release|Any CPU
		{96D226F4-9FAD-45D3-884C-83FC219EAFC7}.Release|Any CPU.Build.0 = Release|Any CPU
		{96D226F4-9FAD-45D3-884C-83FC219EAFC7}.Release|Mixed Platforms.ActiveCfg = Release|Any CPU
		{96D226F4-9FAD-45D3-884C-83FC219EAFC7}.Release|Mixed Platforms.Build.0 = Release|Any CPU
		{6540CAD9-B382-4751-9501-F3EB2CC9DB27}.Debug|.NET.ActiveCfg = Debug|Any CPU
		{6540CAD9-B382-4751-9501-F3EB2CC9DB27}.Debug|Any CPU.ActiveCfg = Debug|Any CPU
		{6540CAD9-B382-4751-9501-F3EB2CC9DB27}.Debug|Any CPU.Build.0 = Debug|Any CPU
		{6540CAD9-B382-4751-9501-F3EB2CC9DB27}.Debug|Mixed Platforms.ActiveCfg = Debug|Any CPU
		{6540CAD9-B382-4751-9501-F3EB2CC9DB27}.Debug|Mixed Platforms.Build.0 = Debug|Any CPU
		{6540CAD9-B382-4751-9501-F3EB2CC9DB27}.Release|.NET.ActiveCfg = Release|Any CPU
		{6540CAD9-B382-4751-9501-F3EB2CC9DB27}.Release|Any CPU.ActiveCfg = Release|Any CPU
		{6540CAD9-B382-4751-9501-F3EB2CC9DB27}.Release|Any CPU.Build.0 = Release|Any CPU
		{6540CAD9-B382-4751-9501-F3EB2CC9DB27}.Release|Mixed Platforms.ActiveCfg = Release|Any CPU
		{6540CAD9-B382-4751-9501-F3EB2CC9DB27}.Release|Mixed Platforms.Build.0 = Release|Any CPU
		{76D89832-CC4E-4669-8B72-F6412CF11457}.Debug|.NET.ActiveCfg = Debug|Any CPU
		{76D89832-CC4E-4669-8B72-F6412CF11457}.Debug|Any CPU.ActiveCfg = Debug|Any CPU
		{76D89832-CC4E-4669-8B72-F6412CF11457}.Debug|Any CPU.Build.0 = Debug|Any CPU
		{76D89832-CC4E-4669-8B72-F6412CF11457}.Debug|Mixed Platforms.ActiveCfg = Debug|Any CPU
		{76D89832-CC4E-4669-8B72-F6412CF11457}.Debug|Mixed Platforms.Build.0 = Debug|Any CPU
		{76D89832-CC4E-4669-8B72-F6412CF11457}.Release|.NET.ActiveCfg = Release|Any CPU
		{76D89832-CC4E-4669-8B72-F6412CF11457}.Release|Any CPU.ActiveCfg = Release|Any CPU
		{76D89832-CC4E-4669-8B72-F6412CF11457}.Release|Any CPU.Build.0 = Release|Any CPU
		{76D89832-CC4E-4669-8B72-F6412CF11457}.Release|Mixed Platforms.ActiveCfg = Release|Any CPU
		{76D89832-CC4E-4669-8B72-F6412CF11457}.Release|Mixed Platforms.Build.0 = Release|Any CPU
		{6D3992DB-A1D1-476F-B657-EA21CE665835}.Debug|.NET.ActiveCfg = Debug|.NET
		{6D3992DB-A1D1-476F-B657-EA21CE665835}.Debug|.NET.Build.0 = Debug|.NET
		{6D3992DB-A1D1-476F-B657-EA21CE665835}.Debug|Any CPU.ActiveCfg = Debug|.NET
		{6D3992DB-A1D1-476F-B657-EA21CE665835}.Debug|Mixed Platforms.ActiveCfg = Debug|.NET
		{6D3992DB-A1D1-476F-B657-EA21CE665835}.Debug|Mixed Platforms.Build.0 = Debug|.NET
		{6D3992DB-A1D1-476F-B657-EA21CE665835}.Release|.NET.ActiveCfg = Debug|.NET
		{6D3992DB-A1D1-476F-B657-EA21CE665835}.Release|.NET.Build.0 = Debug|.NET
		{6D3992DB-A1D1-476F-B657-EA21CE665835}.Release|Any CPU.ActiveCfg = Debug|.NET
		{6D3992DB-A1D1-476F-B657-EA21CE665835}.Release|Mixed Platforms.ActiveCfg = Debug|.NET
		{6D3992DB-A1D1-476F-B657-EA21CE665835}.Release|Mixed Platforms.Build.0 = Debug|.NET
	EndGlobalSection
	GlobalSection(SolutionProperties) = preSolution
		HideSolutionNode = FALSE
	EndGlobalSection
EndGlobal
