
Microsoft Visual Studio Solution File, Format Version 10.00
# Visual Studio 2008
Project("{FAE04EC0-301F-11D3-BF4B-00C04F79EFBC}") = "SLVisifireApp", "SLVisifireApp\SLVisifireApp.csproj", "{F16255E4-2248-47D9-9606-BBE44463075F}"
EndProject
Project("{FAE04EC0-301F-11D3-BF4B-00C04F79EFBC}") = "SLVisifireCharts", "SLVisifireCharts\SLVisifireCharts.csproj", "{CC926AB3-DF2D-4820-95AC-46247A5E3FC5}"
EndProject
Project("{FAE04EC0-301F-11D3-BF4B-00C04F79EFBC}") = "SLVisifireChartsWeb", "SLVisifireChartsWeb\SLVisifireChartsWeb.csproj", "{D74F0A64-FEE5-43CB-82C5-EFDFFEB867BD}"
EndProject
Project("{FAE04EC0-301F-11D3-BF4B-00C04F79EFBC}") = "SLVisifireChartsTest", "SLVisifireChartsTest\SLVisifireChartsTest.csproj", "{A7F07EC6-5257-4394-AFCE-19EC93D8D99D}"
EndProject
Project("{FAE04EC0-301F-11D3-BF4B-00C04F79EFBC}") = "WPFVisifireCharts", "WPFVisifireCharts\WPFVisifireCharts.csproj", "{CF8E563B-5C37-47C3-8431-056EE13E6A00}"
EndProject
Project("{FAE04EC0-301F-11D3-BF4B-00C04F79EFBC}") = "WPFVisifireChartsApp", "WPFVisifireChartsApp\WPFVisifireChartsApp.csproj", "{8FB59643-9EB8-4C87-8F87-C1C3BE2E5470}"
EndProject
Project("{FAE04EC0-301F-11D3-BF4B-00C04F79EFBC}") = "WPFVisifireChartsXbap", "WPFVisifireChartsXbap\WPFVisifireChartsXbap.csproj", "{744DB6D8-5429-48EF-936B-95612E03EF11}"
EndProject
Project("{FAE04EC0-301F-11D3-BF4B-00C04F79EFBC}") = "WPFVisifireChartsTest", "WPFVisifireChartsTest\WPFVisifireChartsTest.csproj", "{E5A10564-F1C8-47B5-A4A8-B1514D02CA0D}"
EndProject
Project("{2150E333-8FDC-42A3-9474-1A3956D46DE8}") = "Solution Items", "Solution Items", "{2C0A3F9F-000F-47BF-9609-60780A3B0488}"
	ProjectSection(SolutionItems) = preProject
		AreaChart.cs = AreaChart.cs
		Axis.cs = Axis.cs
		AxisLabel.cs = AxisLabel.cs
		AxisLabels.cs = AxisLabels.cs
		AxisManager.cs = AxisManager.cs
		BarChart.cs = BarChart.cs
		BubbleChart.cs = BubbleChart.cs
		ChartArea.cs = ChartArea.cs
		ChartBase.cs = ChartBase.cs
		ChartGrid.cs = ChartGrid.cs
		ColorSet.cs = ColorSet.cs
		ColorSets.cs = ColorSets.cs
		ColumnChart.cs = ColumnChart.cs
		DataPoint.cs = DataPoint.cs
		DataSeries.cs = DataSeries.cs
		DataSeriesCollection.cs = DataSeriesCollection.cs
		Defaults.cs = Defaults.cs
		Enums.cs = Enums.cs
		Graphics.cs = Graphics.cs
		IVisifireControl.cs = IVisifireControl.cs
		Legend.cs = Legend.cs
		LineChart.cs = LineChart.cs
		LocalTestRun.testrunconfig = LocalTestRun.testrunconfig
		Marker.cs = Marker.cs
		ObservableObject.cs = ObservableObject.cs
		PartialChart.cs = PartialChart.cs
		PieChart.cs = PieChart.cs
		PlotArea.cs = PlotArea.cs
		PlotDetails.cs = PlotDetails.cs
		PlotGroup.cs = PlotGroup.cs
		PointChart.cs = PointChart.cs
		Theme.cs = Theme.cs
		ThemeGroup.cs = ThemeGroup.cs
		Themes.cs = Themes.cs
		Ticks.cs = Ticks.cs
		Title.cs = Title.cs
		TrendLine.cs = TrendLine.cs
		Visifire2.vsmdi = Visifire2.vsmdi
		VisifireControl.cs = VisifireControl.cs
		VisifireElement.cs = VisifireElement.cs
		XWiseData.cs = XWiseData.cs
	EndProjectSection
EndProject
Project("{FAE04EC0-301F-11D3-BF4B-00C04F79EFBC}") = "SLVisifireChartsXap", "SLVisifireChartsXap\SLVisifireChartsXap.csproj", "{A40DCCB5-CDCA-4BC8-8F90-D9C0428E117E}"
EndProject
Global
	GlobalSection(TestCaseManagementSettings) = postSolution
		CategoryFile = Visifire2.vsmdi
	EndGlobalSection
	GlobalSection(SolutionConfigurationPlatforms) = preSolution
		Debug|Any CPU = Debug|Any CPU
		Release|Any CPU = Release|Any CPU
	EndGlobalSection
	GlobalSection(ProjectConfigurationPlatforms) = postSolution
		{F16255E4-2248-47D9-9606-BBE44463075F}.Debug|Any CPU.ActiveCfg = Debug|Any CPU
		{F16255E4-2248-47D9-9606-BBE44463075F}.Debug|Any CPU.Build.0 = Debug|Any CPU
		{F16255E4-2248-47D9-9606-BBE44463075F}.Release|Any CPU.ActiveCfg = Release|Any CPU
		{F16255E4-2248-47D9-9606-BBE44463075F}.Release|Any CPU.Build.0 = Release|Any CPU
		{CC926AB3-DF2D-4820-95AC-46247A5E3FC5}.Debug|Any CPU.ActiveCfg = Debug|Any CPU
		{CC926AB3-DF2D-4820-95AC-46247A5E3FC5}.Debug|Any CPU.Build.0 = Debug|Any CPU
		{CC926AB3-DF2D-4820-95AC-46247A5E3FC5}.Release|Any CPU.ActiveCfg = Release|Any CPU
		{CC926AB3-DF2D-4820-95AC-46247A5E3FC5}.Release|Any CPU.Build.0 = Release|Any CPU
		{D74F0A64-FEE5-43CB-82C5-EFDFFEB867BD}.Debug|Any CPU.ActiveCfg = Debug|Any CPU
		{D74F0A64-FEE5-43CB-82C5-EFDFFEB867BD}.Debug|Any CPU.Build.0 = Debug|Any CPU
		{D74F0A64-FEE5-43CB-82C5-EFDFFEB867BD}.Release|Any CPU.ActiveCfg = Release|Any CPU
		{D74F0A64-FEE5-43CB-82C5-EFDFFEB867BD}.Release|Any CPU.Build.0 = Release|Any CPU
		{A7F07EC6-5257-4394-AFCE-19EC93D8D99D}.Debug|Any CPU.ActiveCfg = Debug|Any CPU
		{A7F07EC6-5257-4394-AFCE-19EC93D8D99D}.Debug|Any CPU.Build.0 = Debug|Any CPU
		{A7F07EC6-5257-4394-AFCE-19EC93D8D99D}.Release|Any CPU.ActiveCfg = Release|Any CPU
		{A7F07EC6-5257-4394-AFCE-19EC93D8D99D}.Release|Any CPU.Build.0 = Release|Any CPU
		{CF8E563B-5C37-47C3-8431-056EE13E6A00}.Debug|Any CPU.ActiveCfg = Debug|Any CPU
		{CF8E563B-5C37-47C3-8431-056EE13E6A00}.Debug|Any CPU.Build.0 = Debug|Any CPU
		{CF8E563B-5C37-47C3-8431-056EE13E6A00}.Release|Any CPU.ActiveCfg = Release|Any CPU
		{CF8E563B-5C37-47C3-8431-056EE13E6A00}.Release|Any CPU.Build.0 = Release|Any CPU
		{8FB59643-9EB8-4C87-8F87-C1C3BE2E5470}.Debug|Any CPU.ActiveCfg = Debug|Any CPU
		{8FB59643-9EB8-4C87-8F87-C1C3BE2E5470}.Debug|Any CPU.Build.0 = Debug|Any CPU
		{8FB59643-9EB8-4C87-8F87-C1C3BE2E5470}.Release|Any CPU.ActiveCfg = Release|Any CPU
		{8FB59643-9EB8-4C87-8F87-C1C3BE2E5470}.Release|Any CPU.Build.0 = Release|Any CPU
		{744DB6D8-5429-48EF-936B-95612E03EF11}.Debug|Any CPU.ActiveCfg = Debug|Any CPU
		{744DB6D8-5429-48EF-936B-95612E03EF11}.Debug|Any CPU.Build.0 = Debug|Any CPU
		{744DB6D8-5429-48EF-936B-95612E03EF11}.Release|Any CPU.ActiveCfg = Release|Any CPU
		{744DB6D8-5429-48EF-936B-95612E03EF11}.Release|Any CPU.Build.0 = Release|Any CPU
		{E5A10564-F1C8-47B5-A4A8-B1514D02CA0D}.Debug|Any CPU.ActiveCfg = Debug|Any CPU
		{E5A10564-F1C8-47B5-A4A8-B1514D02CA0D}.Debug|Any CPU.Build.0 = Debug|Any CPU
		{E5A10564-F1C8-47B5-A4A8-B1514D02CA0D}.Release|Any CPU.ActiveCfg = Release|Any CPU
		{E5A10564-F1C8-47B5-A4A8-B1514D02CA0D}.Release|Any CPU.Build.0 = Release|Any CPU
		{A40DCCB5-CDCA-4BC8-8F90-D9C0428E117E}.Debug|Any CPU.ActiveCfg = Debug|Any CPU
		{A40DCCB5-CDCA-4BC8-8F90-D9C0428E117E}.Debug|Any CPU.Build.0 = Debug|Any CPU
		{A40DCCB5-CDCA-4BC8-8F90-D9C0428E117E}.Release|Any CPU.ActiveCfg = Release|Any CPU
		{A40DCCB5-CDCA-4BC8-8F90-D9C0428E117E}.Release|Any CPU.Build.0 = Release|Any CPU
	EndGlobalSection
	GlobalSection(SolutionProperties) = preSolution
		HideSolutionNode = FALSE
	EndGlobalSection
EndGlobal
